
Microsoft Visual Studio Solution File, Format Version 12.00
# Visual Studio Version 17
VisualStudioVersion = 17.13.35828.75 d17.13
MinimumVisualStudioVersion = 10.0.40219.1
Project("{FAE04EC0-301F-11D3-BF4B-00C04F79EFBC}") = "ASolidDrawingApp", "ASolidDrawingApp\ASolidDrawingApp.csproj", "{A7C5CB12-4829-4183-B2F4-5CE52347D433}"
EndProject
Project("{FAE04EC0-301F-11D3-BF4B-00C04F79EFBC}") = "Spec.ASolidDrawingApp", "Spec.ASolidDrawingApp\Spec.ASolidDrawingApp.csproj", "{77474317-1FDB-462D-88D0-30DE6761C4C3}"
EndProject
Global
	GlobalSection(SolutionConfigurationPlatforms) = preSolution
		Debug|Any CPU = Debug|Any CPU
		Release|Any CPU = Release|Any CPU
	EndGlobalSection
	GlobalSection(ProjectConfigurationPlatforms) = postSolution
		{A7C5CB12-4829-4183-B2F4-5CE52347D433}.Debug|Any CPU.ActiveCfg = Debug|Any CPU
		{A7C5CB12-4829-4183-B2F4-5CE52347D433}.Debug|Any CPU.Build.0 = Debug|Any CPU
		{A7C5CB12-4829-4183-B2F4-5CE52347D433}.Release|Any CPU.ActiveCfg = Release|Any CPU
		{A7C5CB12-4829-4183-B2F4-5CE52347D433}.Release|Any CPU.Build.0 = Release|Any CPU
		{77474317-1FDB-462D-88D0-30DE6761C4C3}.Debug|Any CPU.ActiveCfg = Debug|Any CPU
		{77474317-1FDB-462D-88D0-30DE6761C4C3}.Debug|Any CPU.Build.0 = Debug|Any CPU
		{77474317-1FDB-462D-88D0-30DE6761C4C3}.Release|Any CPU.ActiveCfg = Release|Any CPU
		{77474317-1FDB-462D-88D0-30DE6761C4C3}.Release|Any CPU.Build.0 = Release|Any CPU
	EndGlobalSection
	GlobalSection(SolutionProperties) = preSolution
		HideSolutionNode = FALSE
	EndGlobalSection
	GlobalSection(ExtensibilityGlobals) = postSolution
		SolutionGuid = {533FCB70-F359-43E5-8EAF-6629635958D6}
	EndGlobalSection
EndGlobal
